
Microsoft Visual Studio Solution File, Format Version 12.00
# Visual Studio Version 17
VisualStudioVersion = 17.4.33403.182
MinimumVisualStudioVersion = 10.0.40219.1
Project("{8BC9CEB8-8B4A-11D0-8D11-00A0C91BC942}") = "mandelbrot", "mandelbrot\mandelbrot.vcxproj", "{FE50A776-C15B-420B-8761-498C1F291E7B}"
EndProject
Global
	GlobalSection(SolutionConfigurationPlatforms) = preSolution
		Debug - AVX2|x64 = Debug - AVX2|x64
		Debug - AVX2|x86 = Debug - AVX2|x86
		Debug - Scalar|x64 = Debug - Scalar|x64
		Debug - Scalar|x86 = Debug - Scalar|x86
		Release - AVX2|x64 = Release - AVX2|x64
		Release - AVX2|x86 = Release - AVX2|x86
		Release - Scalar|x64 = Release - Scalar|x64
		Release - Scalar|x86 = Release - Scalar|x86
	EndGlobalSection
	GlobalSection(ProjectConfigurationPlatforms) = postSolution
		{FE50A776-C15B-420B-8761-498C1F291E7B}.Debug - AVX2|x64.ActiveCfg = Debug - AVX2|x64
		{FE50A776-C15B-420B-8761-498C1F291E7B}.Debug - AVX2|x64.Build.0 = Debug - AVX2|x64
		{FE50A776-C15B-420B-8761-498C1F291E7B}.Debug - AVX2|x86.ActiveCfg = Debug - AVX2|Win32
		{FE50A776-C15B-420B-8761-498C1F291E7B}.Debug - AVX2|x86.Build.0 = Debug - AVX2|Win32
		{FE50A776-C15B-420B-8761-498C1F291E7B}.Debug - Scalar|x64.ActiveCfg = Debug|x64
		{FE50A776-C15B-420B-8761-498C1F291E7B}.Debug - Scalar|x64.Build.0 = Debug|x64
		{FE50A776-C15B-420B-8761-498C1F291E7B}.Debug - Scalar|x86.ActiveCfg = Debug|Win32
		{FE50A776-C15B-420B-8761-498C1F291E7B}.Debug - Scalar|x86.Build.0 = Debug|Win32
		{FE50A776-C15B-420B-8761-498C1F291E7B}.Release - AVX2|x64.ActiveCfg = Release - AVX2|x64
		{FE50A776-C15B-420B-8761-498C1F291E7B}.Release - AVX2|x64.Build.0 = Release - AVX2|x64
		{FE50A776-C15B-420B-8761-498C1F291E7B}.Release - AVX2|x86.ActiveCfg = Release - AVX2|Win32
		{FE50A776-C15B-420B-8761-498C1F291E7B}.Release - AVX2|x86.Build.0 = Release - AVX2|Win32
		{FE50A776-C15B-420B-8761-498C1F291E7B}.Release - Scalar|x64.ActiveCfg = Release|x64
		{FE50A776-C15B-420B-8761-498C1F291E7B}.Release - Scalar|x64.Build.0 = Release|x64
		{FE50A776-C15B-420B-8761-498C1F291E7B}.Release - Scalar|x86.ActiveCfg = Release|Win32
		{FE50A776-C15B-420B-8761-498C1F291E7B}.Release - Scalar|x86.Build.0 = Release|Win32
	EndGlobalSection
	GlobalSection(SolutionProperties) = preSolution
		HideSolutionNode = FALSE
	EndGlobalSection
	GlobalSection(ExtensibilityGlobals) = postSolution
		SolutionGuid = {0DEAB6EE-D966-4339-B8F5-8931EA45A569}
	EndGlobalSection
EndGlobal
