
Microsoft Visual Studio Solution File, Format Version 12.00
# Visual Studio Version 17
VisualStudioVersion = 17.4.33403.182
MinimumVisualStudioVersion = 10.0.40219.1
Project("{8BC9CEB8-8B4A-11D0-8D11-00A0C91BC942}") = "mandelbrot", "mandelbrot\mandelbrot.vcxproj", "{FE50A776-C15B-420B-8761-498C1F291E7B}"
EndProject
Project("{8BC9CEB8-8B4A-11D0-8D11-00A0C91BC942}") = "mandelbrot-cli", "mandelbrot-cli\mandelbrot-cli.vcxproj", "{697C4775-C551-4D9C-A816-CE480252DBFA}"
EndProject
Project("{8BC9CEB8-8B4A-11D0-8D11-00A0C91BC942}") = "common", "common\common.vcxproj", "{3152A3CB-1150-412C-A89F-5CE415183276}"
EndProject
Project("{8BC9CEB8-8B4A-11D0-8D11-00A0C91BC942}") = "mandelbrot-gui", "mandelbrot-gui\mandelbrot-gui.vcxproj", "{24CEBF8C-A00E-410F-BA06-30142E53E662}"
EndProject
Project("{8BC9CEB8-8B4A-11D0-8D11-00A0C91BC942}") = "frontend", "frontend\frontend.vcxproj", "{73C18DA8-E813-4BD3-A6C2-DD30A0AF81C6}"
EndProject
Global
	GlobalSection(SolutionConfigurationPlatforms) = preSolution
		Debug|x64 = Debug|x64
		Debug|x86 = Debug|x86
		Release|x64 = Release|x64
		Release|x86 = Release|x86
	EndGlobalSection
	GlobalSection(ProjectConfigurationPlatforms) = postSolution
		{FE50A776-C15B-420B-8761-498C1F291E7B}.Debug|x64.ActiveCfg = Debug - FloatScalar|x64
		{FE50A776-C15B-420B-8761-498C1F291E7B}.Debug|x64.Build.0 = Debug - FloatScalar|x64
		{FE50A776-C15B-420B-8761-498C1F291E7B}.Debug|x86.ActiveCfg = Debug - DoubleAVX2|x64
		{FE50A776-C15B-420B-8761-498C1F291E7B}.Debug|x86.Build.0 = Debug - DoubleAVX2|x64
		{FE50A776-C15B-420B-8761-498C1F291E7B}.Release|x64.ActiveCfg = Release - FloatScalar|x64
		{FE50A776-C15B-420B-8761-498C1F291E7B}.Release|x64.Build.0 = Release - FloatScalar|x64
		{FE50A776-C15B-420B-8761-498C1F291E7B}.Release|x86.ActiveCfg = Release - DoubleAVX2|x64
		{FE50A776-C15B-420B-8761-498C1F291E7B}.Release|x86.Build.0 = Release - DoubleAVX2|x64
		{697C4775-C551-4D9C-A816-CE480252DBFA}.Debug|x64.ActiveCfg = Debug|x64
		{697C4775-C551-4D9C-A816-CE480252DBFA}.Debug|x64.Build.0 = Debug|x64
		{697C4775-C551-4D9C-A816-CE480252DBFA}.Debug|x86.ActiveCfg = Debug|Win32
		{697C4775-C551-4D9C-A816-CE480252DBFA}.Debug|x86.Build.0 = Debug|Win32
		{697C4775-C551-4D9C-A816-CE480252DBFA}.Release|x64.ActiveCfg = Release|x64
		{697C4775-C551-4D9C-A816-CE480252DBFA}.Release|x64.Build.0 = Release|x64
		{697C4775-C551-4D9C-A816-CE480252DBFA}.Release|x86.ActiveCfg = Release|Win32
		{697C4775-C551-4D9C-A816-CE480252DBFA}.Release|x86.Build.0 = Release|Win32
		{3152A3CB-1150-412C-A89F-5CE415183276}.Debug|x64.ActiveCfg = Debug|x64
		{3152A3CB-1150-412C-A89F-5CE415183276}.Debug|x64.Build.0 = Debug|x64
		{3152A3CB-1150-412C-A89F-5CE415183276}.Debug|x86.ActiveCfg = Debug|Win32
		{3152A3CB-1150-412C-A89F-5CE415183276}.Debug|x86.Build.0 = Debug|Win32
		{3152A3CB-1150-412C-A89F-5CE415183276}.Release|x64.ActiveCfg = Release|x64
		{3152A3CB-1150-412C-A89F-5CE415183276}.Release|x64.Build.0 = Release|x64
		{3152A3CB-1150-412C-A89F-5CE415183276}.Release|x86.ActiveCfg = Release|Win32
		{3152A3CB-1150-412C-A89F-5CE415183276}.Release|x86.Build.0 = Release|Win32
		{24CEBF8C-A00E-410F-BA06-30142E53E662}.Debug|x64.ActiveCfg = Debug|x64
		{24CEBF8C-A00E-410F-BA06-30142E53E662}.Debug|x64.Build.0 = Debug|x64
		{24CEBF8C-A00E-410F-BA06-30142E53E662}.Debug|x86.ActiveCfg = Debug|x64
		{24CEBF8C-A00E-410F-BA06-30142E53E662}.Debug|x86.Build.0 = Debug|x64
		{24CEBF8C-A00E-410F-BA06-30142E53E662}.Release|x64.ActiveCfg = Release|x64
		{24CEBF8C-A00E-410F-BA06-30142E53E662}.Release|x64.Build.0 = Release|x64
		{24CEBF8C-A00E-410F-BA06-30142E53E662}.Release|x86.ActiveCfg = Release|x64
		{24CEBF8C-A00E-410F-BA06-30142E53E662}.Release|x86.Build.0 = Release|x64
		{73C18DA8-E813-4BD3-A6C2-DD30A0AF81C6}.Debug|x64.ActiveCfg = Debug|x64
		{73C18DA8-E813-4BD3-A6C2-DD30A0AF81C6}.Debug|x64.Build.0 = Debug|x64
		{73C18DA8-E813-4BD3-A6C2-DD30A0AF81C6}.Debug|x86.ActiveCfg = Debug|Win32
		{73C18DA8-E813-4BD3-A6C2-DD30A0AF81C6}.Debug|x86.Build.0 = Debug|Win32
		{73C18DA8-E813-4BD3-A6C2-DD30A0AF81C6}.Release|x64.ActiveCfg = Release|x64
		{73C18DA8-E813-4BD3-A6C2-DD30A0AF81C6}.Release|x64.Build.0 = Release|x64
		{73C18DA8-E813-4BD3-A6C2-DD30A0AF81C6}.Release|x86.ActiveCfg = Release|Win32
		{73C18DA8-E813-4BD3-A6C2-DD30A0AF81C6}.Release|x86.Build.0 = Release|Win32
	EndGlobalSection
	GlobalSection(SolutionProperties) = preSolution
		HideSolutionNode = FALSE
	EndGlobalSection
	GlobalSection(ExtensibilityGlobals) = postSolution
		SolutionGuid = {3162F26B-6741-48AD-80C6-449CA49A98AB}
	EndGlobalSection
EndGlobal
