
Microsoft Visual Studio Solution File, Format Version 12.00
# Visual Studio Version 17
VisualStudioVersion = 17.4.33403.182
MinimumVisualStudioVersion = 10.0.40219.1
Project("{8BC9CEB8-8B4A-11D0-8D11-00A0C91BC942}") = "mandelbrot", "mandelbrot\mandelbrot.vcxproj", "{FE50A776-C15B-420B-8761-498C1F291E7B}"
EndProject
Global
	GlobalSection(SolutionConfigurationPlatforms) = preSolution
		Debug - DoubleAVX2|x64 = Debug - DoubleAVX2|x64
		Debug - DoubleAVX2|x86 = Debug - DoubleAVX2|x86
		Debug - DoubleAVX512|x64 = Debug - DoubleAVX512|x64
		Debug - DoubleAVX512|x86 = Debug - DoubleAVX512|x86
		Debug - DoubleScalar|x64 = Debug - DoubleScalar|x64
		Debug - DoubleScalar|x86 = Debug - DoubleScalar|x86
		Debug - DoubleSSE2|x64 = Debug - DoubleSSE2|x64
		Debug - DoubleSSE2|x86 = Debug - DoubleSSE2|x86
		Debug - FloatAVX2|x64 = Debug - FloatAVX2|x64
		Debug - FloatAVX2|x86 = Debug - FloatAVX2|x86
		Debug - FloatAVX512|x64 = Debug - FloatAVX512|x64
		Debug - FloatAVX512|x86 = Debug - FloatAVX512|x86
		Debug - FloatScalar|x64 = Debug - FloatScalar|x64
		Debug - FloatScalar|x86 = Debug - FloatScalar|x86
		Debug - FloatSSE2|x64 = Debug - FloatSSE2|x64
		Debug - FloatSSE2|x86 = Debug - FloatSSE2|x86
		Debug - MPFR|x64 = Debug - MPFR|x64
		Debug - MPFR|x86 = Debug - MPFR|x86
		Release - DoubleAVX2|x64 = Release - DoubleAVX2|x64
		Release - DoubleAVX2|x86 = Release - DoubleAVX2|x86
		Release - DoubleAVX512|x64 = Release - DoubleAVX512|x64
		Release - DoubleAVX512|x86 = Release - DoubleAVX512|x86
		Release - DoubleScalar|x64 = Release - DoubleScalar|x64
		Release - DoubleScalar|x86 = Release - DoubleScalar|x86
		Release - DoubleSSE2|x64 = Release - DoubleSSE2|x64
		Release - DoubleSSE2|x86 = Release - DoubleSSE2|x86
		Release - FloatAVX2|x64 = Release - FloatAVX2|x64
		Release - FloatAVX2|x86 = Release - FloatAVX2|x86
		Release - FloatAVX512|x64 = Release - FloatAVX512|x64
		Release - FloatAVX512|x86 = Release - FloatAVX512|x86
		Release - FloatScalar|x64 = Release - FloatScalar|x64
		Release - FloatScalar|x86 = Release - FloatScalar|x86
		Release - FloatSSE2|x64 = Release - FloatSSE2|x64
		Release - FloatSSE2|x86 = Release - FloatSSE2|x86
		Release - MPFR|x64 = Release - MPFR|x64
		Release - MPFR|x86 = Release - MPFR|x86
	EndGlobalSection
	GlobalSection(ProjectConfigurationPlatforms) = postSolution
		{FE50A776-C15B-420B-8761-498C1F291E7B}.Debug - DoubleAVX2|x64.ActiveCfg = Debug - DoubleAVX2|x64
		{FE50A776-C15B-420B-8761-498C1F291E7B}.Debug - DoubleAVX2|x64.Build.0 = Debug - DoubleAVX2|x64
		{FE50A776-C15B-420B-8761-498C1F291E7B}.Debug - DoubleAVX2|x86.ActiveCfg = Debug - DoubleAVX2|x64
		{FE50A776-C15B-420B-8761-498C1F291E7B}.Debug - DoubleAVX2|x86.Build.0 = Debug - DoubleAVX2|x64
		{FE50A776-C15B-420B-8761-498C1F291E7B}.Debug - DoubleAVX512|x64.ActiveCfg = Debug - DoubleAVX512|x64
		{FE50A776-C15B-420B-8761-498C1F291E7B}.Debug - DoubleAVX512|x64.Build.0 = Debug - DoubleAVX512|x64
		{FE50A776-C15B-420B-8761-498C1F291E7B}.Debug - DoubleAVX512|x86.ActiveCfg = Debug - DoubleAVX512|x64
		{FE50A776-C15B-420B-8761-498C1F291E7B}.Debug - DoubleAVX512|x86.Build.0 = Debug - DoubleAVX512|x64
		{FE50A776-C15B-420B-8761-498C1F291E7B}.Debug - DoubleScalar|x64.ActiveCfg = Debug - DoubleScalar|x64
		{FE50A776-C15B-420B-8761-498C1F291E7B}.Debug - DoubleScalar|x64.Build.0 = Debug - DoubleScalar|x64
		{FE50A776-C15B-420B-8761-498C1F291E7B}.Debug - DoubleScalar|x86.ActiveCfg = Debug - DoubleScalar|Win32
		{FE50A776-C15B-420B-8761-498C1F291E7B}.Debug - DoubleScalar|x86.Build.0 = Debug - DoubleScalar|Win32
		{FE50A776-C15B-420B-8761-498C1F291E7B}.Debug - DoubleSSE2|x64.ActiveCfg = Debug - DoubleSSE2|Win32
		{FE50A776-C15B-420B-8761-498C1F291E7B}.Debug - DoubleSSE2|x64.Build.0 = Debug - DoubleSSE2|Win32
		{FE50A776-C15B-420B-8761-498C1F291E7B}.Debug - DoubleSSE2|x86.ActiveCfg = Debug - DoubleSSE2|Win32
		{FE50A776-C15B-420B-8761-498C1F291E7B}.Debug - DoubleSSE2|x86.Build.0 = Debug - DoubleSSE2|Win32
		{FE50A776-C15B-420B-8761-498C1F291E7B}.Debug - FloatAVX2|x64.ActiveCfg = Debug - FloatAVX2|x64
		{FE50A776-C15B-420B-8761-498C1F291E7B}.Debug - FloatAVX2|x64.Build.0 = Debug - FloatAVX2|x64
		{FE50A776-C15B-420B-8761-498C1F291E7B}.Debug - FloatAVX2|x86.ActiveCfg = Debug - FloatAVX2|x64
		{FE50A776-C15B-420B-8761-498C1F291E7B}.Debug - FloatAVX2|x86.Build.0 = Debug - FloatAVX2|x64
		{FE50A776-C15B-420B-8761-498C1F291E7B}.Debug - FloatAVX512|x64.ActiveCfg = Debug - FloatAVX512|x64
		{FE50A776-C15B-420B-8761-498C1F291E7B}.Debug - FloatAVX512|x64.Build.0 = Debug - FloatAVX512|x64
		{FE50A776-C15B-420B-8761-498C1F291E7B}.Debug - FloatAVX512|x86.ActiveCfg = Debug - FloatAVX512|x64
		{FE50A776-C15B-420B-8761-498C1F291E7B}.Debug - FloatAVX512|x86.Build.0 = Debug - FloatAVX512|x64
		{FE50A776-C15B-420B-8761-498C1F291E7B}.Debug - FloatScalar|x64.ActiveCfg = Debug - FloatScalar|x64
		{FE50A776-C15B-420B-8761-498C1F291E7B}.Debug - FloatScalar|x64.Build.0 = Debug - FloatScalar|x64
		{FE50A776-C15B-420B-8761-498C1F291E7B}.Debug - FloatScalar|x86.ActiveCfg = Debug - FloatScalar|Win32
		{FE50A776-C15B-420B-8761-498C1F291E7B}.Debug - FloatScalar|x86.Build.0 = Debug - FloatScalar|Win32
		{FE50A776-C15B-420B-8761-498C1F291E7B}.Debug - FloatSSE2|x64.ActiveCfg = Debug - FloatSSE2|Win32
		{FE50A776-C15B-420B-8761-498C1F291E7B}.Debug - FloatSSE2|x64.Build.0 = Debug - FloatSSE2|Win32
		{FE50A776-C15B-420B-8761-498C1F291E7B}.Debug - FloatSSE2|x86.ActiveCfg = Debug - FloatSSE2|Win32
		{FE50A776-C15B-420B-8761-498C1F291E7B}.Debug - FloatSSE2|x86.Build.0 = Debug - FloatSSE2|Win32
		{FE50A776-C15B-420B-8761-498C1F291E7B}.Debug - MPFR|x64.ActiveCfg = Debug - MPFR|x64
		{FE50A776-C15B-420B-8761-498C1F291E7B}.Debug - MPFR|x64.Build.0 = Debug - MPFR|x64
		{FE50A776-C15B-420B-8761-498C1F291E7B}.Debug - MPFR|x86.ActiveCfg = Debug - MPFR|x64
		{FE50A776-C15B-420B-8761-498C1F291E7B}.Debug - MPFR|x86.Build.0 = Debug - MPFR|x64
		{FE50A776-C15B-420B-8761-498C1F291E7B}.Release - DoubleAVX2|x64.ActiveCfg = Release - DoubleAVX2|x64
		{FE50A776-C15B-420B-8761-498C1F291E7B}.Release - DoubleAVX2|x64.Build.0 = Release - DoubleAVX2|x64
		{FE50A776-C15B-420B-8761-498C1F291E7B}.Release - DoubleAVX2|x86.ActiveCfg = Release - DoubleAVX2|x64
		{FE50A776-C15B-420B-8761-498C1F291E7B}.Release - DoubleAVX2|x86.Build.0 = Release - DoubleAVX2|x64
		{FE50A776-C15B-420B-8761-498C1F291E7B}.Release - DoubleAVX512|x64.ActiveCfg = Release - DoubleAVX512|x64
		{FE50A776-C15B-420B-8761-498C1F291E7B}.Release - DoubleAVX512|x64.Build.0 = Release - DoubleAVX512|x64
		{FE50A776-C15B-420B-8761-498C1F291E7B}.Release - DoubleAVX512|x86.ActiveCfg = Release - DoubleAVX512|x64
		{FE50A776-C15B-420B-8761-498C1F291E7B}.Release - DoubleAVX512|x86.Build.0 = Release - DoubleAVX512|x64
		{FE50A776-C15B-420B-8761-498C1F291E7B}.Release - DoubleScalar|x64.ActiveCfg = Release - DoubleScalar|x64
		{FE50A776-C15B-420B-8761-498C1F291E7B}.Release - DoubleScalar|x64.Build.0 = Release - DoubleScalar|x64
		{FE50A776-C15B-420B-8761-498C1F291E7B}.Release - DoubleScalar|x86.ActiveCfg = Release - DoubleScalar|Win32
		{FE50A776-C15B-420B-8761-498C1F291E7B}.Release - DoubleScalar|x86.Build.0 = Release - DoubleScalar|Win32
		{FE50A776-C15B-420B-8761-498C1F291E7B}.Release - DoubleSSE2|x64.ActiveCfg = Release - DoubleSSE2|Win32
		{FE50A776-C15B-420B-8761-498C1F291E7B}.Release - DoubleSSE2|x64.Build.0 = Release - DoubleSSE2|Win32
		{FE50A776-C15B-420B-8761-498C1F291E7B}.Release - DoubleSSE2|x86.ActiveCfg = Release - DoubleSSE2|Win32
		{FE50A776-C15B-420B-8761-498C1F291E7B}.Release - DoubleSSE2|x86.Build.0 = Release - DoubleSSE2|Win32
		{FE50A776-C15B-420B-8761-498C1F291E7B}.Release - FloatAVX2|x64.ActiveCfg = Release - FloatAVX2|x64
		{FE50A776-C15B-420B-8761-498C1F291E7B}.Release - FloatAVX2|x64.Build.0 = Release - FloatAVX2|x64
		{FE50A776-C15B-420B-8761-498C1F291E7B}.Release - FloatAVX2|x86.ActiveCfg = Release - FloatAVX2|x64
		{FE50A776-C15B-420B-8761-498C1F291E7B}.Release - FloatAVX2|x86.Build.0 = Release - FloatAVX2|x64
		{FE50A776-C15B-420B-8761-498C1F291E7B}.Release - FloatAVX512|x64.ActiveCfg = Release - FloatAVX512|x64
		{FE50A776-C15B-420B-8761-498C1F291E7B}.Release - FloatAVX512|x64.Build.0 = Release - FloatAVX512|x64
		{FE50A776-C15B-420B-8761-498C1F291E7B}.Release - FloatAVX512|x86.ActiveCfg = Release - FloatAVX512|x64
		{FE50A776-C15B-420B-8761-498C1F291E7B}.Release - FloatAVX512|x86.Build.0 = Release - FloatAVX512|x64
		{FE50A776-C15B-420B-8761-498C1F291E7B}.Release - FloatScalar|x64.ActiveCfg = Release - FloatScalar|x64
		{FE50A776-C15B-420B-8761-498C1F291E7B}.Release - FloatScalar|x64.Build.0 = Release - FloatScalar|x64
		{FE50A776-C15B-420B-8761-498C1F291E7B}.Release - FloatScalar|x86.ActiveCfg = Release - FloatScalar|Win32
		{FE50A776-C15B-420B-8761-498C1F291E7B}.Release - FloatScalar|x86.Build.0 = Release - FloatScalar|Win32
		{FE50A776-C15B-420B-8761-498C1F291E7B}.Release - FloatSSE2|x64.ActiveCfg = Release - FloatSSE2|Win32
		{FE50A776-C15B-420B-8761-498C1F291E7B}.Release - FloatSSE2|x64.Build.0 = Release - FloatSSE2|Win32
		{FE50A776-C15B-420B-8761-498C1F291E7B}.Release - FloatSSE2|x86.ActiveCfg = Release - FloatSSE2|Win32
		{FE50A776-C15B-420B-8761-498C1F291E7B}.Release - FloatSSE2|x86.Build.0 = Release - FloatSSE2|Win32
		{FE50A776-C15B-420B-8761-498C1F291E7B}.Release - MPFR|x64.ActiveCfg = Release - MPFR|x64
		{FE50A776-C15B-420B-8761-498C1F291E7B}.Release - MPFR|x64.Build.0 = Release - MPFR|x64
		{FE50A776-C15B-420B-8761-498C1F291E7B}.Release - MPFR|x86.ActiveCfg = Release - MPFR|x64
		{FE50A776-C15B-420B-8761-498C1F291E7B}.Release - MPFR|x86.Build.0 = Release - MPFR|x64
	EndGlobalSection
	GlobalSection(SolutionProperties) = preSolution
		HideSolutionNode = FALSE
	EndGlobalSection
	GlobalSection(ExtensibilityGlobals) = postSolution
		SolutionGuid = {0DEAB6EE-D966-4339-B8F5-8931EA45A569}
	EndGlobalSection
EndGlobal
